
Microsoft Visual Studio Solution File, Format Version 12.00
# Visual Studio Version 16
VisualStudioVersion = 16.0.29709.97
MinimumVisualStudioVersion = 10.0.40219.1
Project("{2150E333-8FDC-42A3-9474-1A3956D46DE8}") = "Libraries", "Libraries", "{85FC5D69-9ACD-45A8-924D-0191F4C852AC}"
EndProject
Project("{9A19103F-16F7-4668-BE54-9A1E7A4F7556}") = "WiseWay.Core", "..\Libraries\WiseWay.Core\WiseWay.Core.csproj", "{0E0608DB-149E-4F59-98F9-73A4FC529FF9}"
EndProject
Project("{9A19103F-16F7-4668-BE54-9A1E7A4F7556}") = "WiseWay.Extender", "..\Libraries\WiseWay.Extender\WiseWay.Extender.csproj", "{909FBA39-18FE-4732-98CC-A4E2A8CDC13D}"
EndProject
Project("{9A19103F-16F7-4668-BE54-9A1E7A4F7556}") = "WiseWay.Facade", "..\Libraries\WiseWay.Facade\WiseWay.Facade.csproj", "{39D405C6-68B9-4460-89C1-549C8CCBB22D}"
EndProject
Project("{9A19103F-16F7-4668-BE54-9A1E7A4F7556}") = "WiseWay.Services", "..\Libraries\WiseWay.Services\WiseWay.Services.csproj", "{1B1242FD-82C2-442A-88DB-670FA9BA2170}"
EndProject
Project("{9A19103F-16F7-4668-BE54-9A1E7A4F7556}") = "Wiseway.WebAdmin", "Wiseway.WebAdmin\Wiseway.WebAdmin.csproj", "{431F9AA7-25DC-4E51-8583-49D5642C1459}"
EndProject
Project("{9A19103F-16F7-4668-BE54-9A1E7A4F7556}") = "WiseWay.API", "WiseWay.API\WiseWay.API.csproj", "{B1D6CED5-79F6-45C3-8C51-B1DD7546EE88}"
EndProject
Global
	GlobalSection(SolutionConfigurationPlatforms) = preSolution
		Debug|Any CPU = Debug|Any CPU
		Release|Any CPU = Release|Any CPU
	EndGlobalSection
	GlobalSection(ProjectConfigurationPlatforms) = postSolution
		{0E0608DB-149E-4F59-98F9-73A4FC529FF9}.Debug|Any CPU.ActiveCfg = Debug|Any CPU
		{0E0608DB-149E-4F59-98F9-73A4FC529FF9}.Debug|Any CPU.Build.0 = Debug|Any CPU
		{0E0608DB-149E-4F59-98F9-73A4FC529FF9}.Release|Any CPU.ActiveCfg = Release|Any CPU
		{0E0608DB-149E-4F59-98F9-73A4FC529FF9}.Release|Any CPU.Build.0 = Release|Any CPU
		{909FBA39-18FE-4732-98CC-A4E2A8CDC13D}.Debug|Any CPU.ActiveCfg = Debug|Any CPU
		{909FBA39-18FE-4732-98CC-A4E2A8CDC13D}.Debug|Any CPU.Build.0 = Debug|Any CPU
		{909FBA39-18FE-4732-98CC-A4E2A8CDC13D}.Release|Any CPU.ActiveCfg = Release|Any CPU
		{909FBA39-18FE-4732-98CC-A4E2A8CDC13D}.Release|Any CPU.Build.0 = Release|Any CPU
		{39D405C6-68B9-4460-89C1-549C8CCBB22D}.Debug|Any CPU.ActiveCfg = Debug|Any CPU
		{39D405C6-68B9-4460-89C1-549C8CCBB22D}.Debug|Any CPU.Build.0 = Debug|Any CPU
		{39D405C6-68B9-4460-89C1-549C8CCBB22D}.Release|Any CPU.ActiveCfg = Release|Any CPU
		{39D405C6-68B9-4460-89C1-549C8CCBB22D}.Release|Any CPU.Build.0 = Release|Any CPU
		{1B1242FD-82C2-442A-88DB-670FA9BA2170}.Debug|Any CPU.ActiveCfg = Debug|Any CPU
		{1B1242FD-82C2-442A-88DB-670FA9BA2170}.Debug|Any CPU.Build.0 = Debug|Any CPU
		{1B1242FD-82C2-442A-88DB-670FA9BA2170}.Release|Any CPU.ActiveCfg = Release|Any CPU
		{1B1242FD-82C2-442A-88DB-670FA9BA2170}.Release|Any CPU.Build.0 = Release|Any CPU
		{431F9AA7-25DC-4E51-8583-49D5642C1459}.Debug|Any CPU.ActiveCfg = Debug|Any CPU
		{431F9AA7-25DC-4E51-8583-49D5642C1459}.Debug|Any CPU.Build.0 = Debug|Any CPU
		{431F9AA7-25DC-4E51-8583-49D5642C1459}.Release|Any CPU.ActiveCfg = Release|Any CPU
		{431F9AA7-25DC-4E51-8583-49D5642C1459}.Release|Any CPU.Build.0 = Release|Any CPU
		{B1D6CED5-79F6-45C3-8C51-B1DD7546EE88}.Debug|Any CPU.ActiveCfg = Debug|Any CPU
		{B1D6CED5-79F6-45C3-8C51-B1DD7546EE88}.Debug|Any CPU.Build.0 = Debug|Any CPU
		{B1D6CED5-79F6-45C3-8C51-B1DD7546EE88}.Release|Any CPU.ActiveCfg = Release|Any CPU
		{B1D6CED5-79F6-45C3-8C51-B1DD7546EE88}.Release|Any CPU.Build.0 = Release|Any CPU
	EndGlobalSection
	GlobalSection(SolutionProperties) = preSolution
		HideSolutionNode = FALSE
	EndGlobalSection
	GlobalSection(NestedProjects) = preSolution
		{0E0608DB-149E-4F59-98F9-73A4FC529FF9} = {85FC5D69-9ACD-45A8-924D-0191F4C852AC}
		{909FBA39-18FE-4732-98CC-A4E2A8CDC13D} = {85FC5D69-9ACD-45A8-924D-0191F4C852AC}
		{39D405C6-68B9-4460-89C1-549C8CCBB22D} = {85FC5D69-9ACD-45A8-924D-0191F4C852AC}
		{1B1242FD-82C2-442A-88DB-670FA9BA2170} = {85FC5D69-9ACD-45A8-924D-0191F4C852AC}
	EndGlobalSection
	GlobalSection(ExtensibilityGlobals) = postSolution
		SolutionGuid = {EFE7D110-5E41-45D7-9F8D-6DFF01274FAD}
	EndGlobalSection
EndGlobal
